<?xml version="1.0" encoding="UTF-8"?>
<Scheme
   version = "1.3">
   <BuildAction>
      <BuildActionEntries>
         <BuildActionEntry
            buildForRunning = "YES">
            <BuildableReference
               BuildableIdentifier = "primary"
               BlueprintIdentifier = "CACA9B992CD2E53591C186B6"
               BuildableName = "ProjectDirectory.app"
               BlueprintName = "ProjectDirectory"
               ReferencedContainer = "container:ProjectDirectory.xcodeproj">
            </BuildableReference>
         </BuildActionEntry>
      </BuildActionEntries>
   </BuildAction>
   <LaunchAction
      useCustomWorkingDirectory = "NO"
      buildConfiguration = "Debug"
      allowLocationSimulation = "YES">
      <BuildableProductRunnable>
         <BuildableReference
            BuildableIdentifier = "primary"
            BlueprintIdentifier = "CACA9B992CD2E53591C186B6"
            BuildableName = "ProjectDirectory.app"
            BlueprintName = "ProjectDirectory"
            ReferencedContainer = "container:ProjectDirectory.xcodeproj">
         </BuildableReference>
      </BuildableProductRunnable>
   </LaunchAction>
</Scheme>
